
Microsoft Visual Studio Solution File, Format Version 12.00
# Visual Studio Version 16
VisualStudioVersion = 16.0.29806.167
MinimumVisualStudioVersion = 10.0.40219.1
Project("{9A19103F-16F7-4668-BE54-9A1E7A4F7556}") = "Jpg", "Jpg\Jpg.csproj", "{BAC45CDA-9461-4815-800D-88AF950BD7F6}"
EndProject
Project("{8BC9CEB8-8B4A-11D0-8D11-00A0C91BC942}") = "BWCuda", "BWCuda\BWCuda.vcxproj", "{0399F8F2-A75A-4485-A04F-494CFBD3E97E}"
EndProject
Global
	GlobalSection(SolutionConfigurationPlatforms) = preSolution
		Debug|Any CPU = Debug|Any CPU
		Debug|x64 = Debug|x64
		Release|Any CPU = Release|Any CPU
		Release|x64 = Release|x64
	EndGlobalSection
	GlobalSection(ProjectConfigurationPlatforms) = postSolution
		{BAC45CDA-9461-4815-800D-88AF950BD7F6}.Debug|Any CPU.ActiveCfg = Debug|Any CPU
		{BAC45CDA-9461-4815-800D-88AF950BD7F6}.Debug|Any CPU.Build.0 = Debug|Any CPU
		{BAC45CDA-9461-4815-800D-88AF950BD7F6}.Debug|x64.ActiveCfg = Debug|Any CPU
		{BAC45CDA-9461-4815-800D-88AF950BD7F6}.Debug|x64.Build.0 = Debug|Any CPU
		{BAC45CDA-9461-4815-800D-88AF950BD7F6}.Release|Any CPU.ActiveCfg = Release|Any CPU
		{BAC45CDA-9461-4815-800D-88AF950BD7F6}.Release|Any CPU.Build.0 = Release|Any CPU
		{BAC45CDA-9461-4815-800D-88AF950BD7F6}.Release|x64.ActiveCfg = Release|Any CPU
		{BAC45CDA-9461-4815-800D-88AF950BD7F6}.Release|x64.Build.0 = Release|Any CPU
		{0399F8F2-A75A-4485-A04F-494CFBD3E97E}.Debug|Any CPU.ActiveCfg = Debug|x64
		{0399F8F2-A75A-4485-A04F-494CFBD3E97E}.Debug|x64.ActiveCfg = Debug|x64
		{0399F8F2-A75A-4485-A04F-494CFBD3E97E}.Debug|x64.Build.0 = Debug|x64
		{0399F8F2-A75A-4485-A04F-494CFBD3E97E}.Release|Any CPU.ActiveCfg = Release|x64
		{0399F8F2-A75A-4485-A04F-494CFBD3E97E}.Release|x64.ActiveCfg = Release|x64
		{0399F8F2-A75A-4485-A04F-494CFBD3E97E}.Release|x64.Build.0 = Release|x64
	EndGlobalSection
	GlobalSection(SolutionProperties) = preSolution
		HideSolutionNode = FALSE
	EndGlobalSection
	GlobalSection(ExtensibilityGlobals) = postSolution
		SolutionGuid = {8093BE02-E69F-4C71-9229-756F94DC81D7}
	EndGlobalSection
EndGlobal
